
Microsoft Visual Studio Solution File, Format Version 12.00
# Visual Studio 2013
VisualStudioVersion = 12.0.31101.0
MinimumVisualStudioVersion = 10.0.40219.1
Project("{FAE04EC0-301F-11D3-BF4B-00C04F79EFBC}") = "DynamicMelt", "DynamicMelt\DynamicMelt.csproj", "{5FD96FB7-1DAE-4EE5-834E-A2CA4FC71721}"
EndProject
Project("{FAE04EC0-301F-11D3-BF4B-00C04F79EFBC}") = "UnitTests", "UnitTests\UnitTests.csproj", "{4FA9CAC0-FD2F-484D-A9CA-73397BB67CD2}"
EndProject
Project("{2150E333-8FDC-42A3-9474-1A3956D46DE8}") = "Solution Items", "Solution Items", "{747933FA-7CED-47A4-A718-54C0B1AF9CCF}"
	ProjectSection(SolutionItems) = preProject
		TestSettings.testsettings = TestSettings.testsettings
	EndProjectSection
EndProject
Project("{2150E333-8FDC-42A3-9474-1A3956D46DE8}") = ".nuget", ".nuget", "{34DD00A1-3CB6-4C07-9D16-86CCC1AD2036}"
	ProjectSection(SolutionItems) = preProject
		.nuget\NuGet.Config = .nuget\NuGet.Config
		.nuget\NuGet.exe = .nuget\NuGet.exe
		.nuget\NuGet.targets = .nuget\NuGet.targets
	EndProjectSection
EndProject
Global
	GlobalSection(SolutionConfigurationPlatforms) = preSolution
		Debug|Any CPU = Debug|Any CPU
		Release|Any CPU = Release|Any CPU
	EndGlobalSection
	GlobalSection(ProjectConfigurationPlatforms) = postSolution
		{5FD96FB7-1DAE-4EE5-834E-A2CA4FC71721}.Debug|Any CPU.ActiveCfg = Debug|Any CPU
		{5FD96FB7-1DAE-4EE5-834E-A2CA4FC71721}.Debug|Any CPU.Build.0 = Debug|Any CPU
		{5FD96FB7-1DAE-4EE5-834E-A2CA4FC71721}.Release|Any CPU.ActiveCfg = Release|Any CPU
		{5FD96FB7-1DAE-4EE5-834E-A2CA4FC71721}.Release|Any CPU.Build.0 = Release|Any CPU
		{4FA9CAC0-FD2F-484D-A9CA-73397BB67CD2}.Debug|Any CPU.ActiveCfg = Debug|Any CPU
		{4FA9CAC0-FD2F-484D-A9CA-73397BB67CD2}.Debug|Any CPU.Build.0 = Debug|Any CPU
		{4FA9CAC0-FD2F-484D-A9CA-73397BB67CD2}.Release|Any CPU.ActiveCfg = Release|Any CPU
		{4FA9CAC0-FD2F-484D-A9CA-73397BB67CD2}.Release|Any CPU.Build.0 = Release|Any CPU
	EndGlobalSection
	GlobalSection(SolutionProperties) = preSolution
		HideSolutionNode = FALSE
	EndGlobalSection
EndGlobal
